
Microsoft Visual Studio Solution File, Format Version 11.00
# Visual Studio 2010
Project("{8BC9CEB8-8B4A-11D0-8D11-00A0C91BC942}") = "num_8", "num_8\num_8.vcxproj", "{F87B6105-7AED-4CE9-89A1-1568F43CD886}"
EndProject
Global
	GlobalSection(SolutionConfigurationPlatforms) = preSolution
		Debug|Win32 = Debug|Win32
		Release|Win32 = Release|Win32
	EndGlobalSection
	GlobalSection(ProjectConfigurationPlatforms) = postSolution
		{F87B6105-7AED-4CE9-89A1-1568F43CD886}.Debug|Win32.ActiveCfg = Debug|Win32
		{F87B6105-7AED-4CE9-89A1-1568F43CD886}.Debug|Win32.Build.0 = Debug|Win32
		{F87B6105-7AED-4CE9-89A1-1568F43CD886}.Release|Win32.ActiveCfg = Release|Win32
		{F87B6105-7AED-4CE9-89A1-1568F43CD886}.Release|Win32.Build.0 = Release|Win32
	EndGlobalSection
	GlobalSection(SolutionProperties) = preSolution
		HideSolutionNode = FALSE
	EndGlobalSection
EndGlobal
